// !$*UTF8*$!
{
	archiveVersion = 1;
	classes = {
	};
	objectVersion = 56;
	objects = {

/* Begin PBXBuildFile section */
		7B5CA17F2AB032850060A5DE /* AppDelegate.swift in Sources */ = {isa = PBXBuildFile; fileRef = 7B5CA17E2AB032850060A5DE /* AppDelegate.swift */; };
		7B5CA1812AB032850060A5DE /* SceneDelegate.swift in Sources */ = {isa = PBXBuildFile; fileRef = 7B5CA1802AB032850060A5DE /* SceneDelegate.swift */; };
		7B5CA1832AB032850060A5DE /* ViewController.swift in Sources */ = {isa = PBXBuildFile; fileRef = 7B5CA1822AB032850060A5DE /* ViewController.swift */; };
		7B5CA1862AB032850060A5DE /* Main.storyboard in Resources */ = {isa = PBXBuildFile; fileRef = 7B5CA1842AB032850060A5DE /* Main.storyboard */; };
		7B5CA1882AB032870060A5DE /* Assets.xcassets in Resources */ = {isa = PBXBuildFile; fileRef = 7B5CA1872AB032870060A5DE /* Assets.xcassets */; };
		7B5CA18B2AB032870060A5DE /* LaunchScreen.storyboard in Resources */ = {isa = PBXBuildFile; fileRef = 7B5CA1892AB032870060A5DE /* LaunchScreen.storyboard */; };
		7B5CA1932AB032D20060A5DE /* Instructor.swift in Sources */ = {isa = PBXBuildFile; fileRef = 7B5CA1922AB032D20060A5DE /* Instructor.swift */; };
		7B5CA1952AB0501B0060A5DE /* WeakInstructor.swift in Sources */ = {isa = PBXBuildFile; fileRef = 7B5CA1942AB0501B0060A5DE /* WeakInstructor.swift */; };
/* End PBXBuildFile section */

/* Begin PBXFileReference section */
		7B5CA17B2AB032850060A5DE /* AutomaticReferenceCounting.app */ = {isa = PBXFileReference; explicitFileType = wrapper.application; includeInIndex = 0; path = AutomaticReferenceCounting.app; sourceTree = BUILT_PRODUCTS_DIR; };
		7B5CA17E2AB032850060A5DE /* AppDelegate.swift */ = {isa = PBXFileReference; lastKnownFileType = sourcecode.swift; path = AppDelegate.swift; sourceTree = "<group>"; };
		7B5CA1802AB032850060A5DE /* SceneDelegate.swift */ = {isa = PBXFileReference; lastKnownFileType = sourcecode.swift; path = SceneDelegate.swift; sourceTree = "<group>"; };
		7B5CA1822AB032850060A5DE /* ViewController.swift */ = {isa = PBXFileReference; lastKnownFileType = sourcecode.swift; path = ViewController.swift; sourceTree = "<group>"; };
		7B5CA1852AB032850060A5DE /* Base */ = {isa = PBXFileReference; lastKnownFileType = file.storyboard; name = Base; path = Base.lproj/Main.storyboard; sourceTree = "<group>"; };
		7B5CA1872AB032870060A5DE /* Assets.xcassets */ = {isa = PBXFileReference; lastKnownFileType = folder.assetcatalog; path = Assets.xcassets; sourceTree = "<group>"; };
		7B5CA18A2AB032870060A5DE /* Base */ = {isa = PBXFileReference; lastKnownFileType = file.storyboard; name = Base; path = Base.lproj/LaunchScreen.storyboard; sourceTree = "<group>"; };
		7B5CA18C2AB032870060A5DE /* Info.plist */ = {isa = PBXFileReference; lastKnownFileType = text.plist.xml; path = Info.plist; sourceTree = "<group>"; };
		7B5CA1922AB032D20060A5DE /* Instructor.swift */ = {isa = PBXFileReference; lastKnownFileType = sourcecode.swift; path = Instructor.swift; sourceTree = "<group>"; };
		7B5CA1942AB0501B0060A5DE /* WeakInstructor.swift */ = {isa = PBXFileReference; lastKnownFileType = sourcecode.swift; path = WeakInstructor.swift; sourceTree = "<group>"; };
/* End PBXFileReference section */

/* Begin PBXFrameworksBuildPhase section */
		7B5CA1782AB032850060A5DE /* Frameworks */ = {
			isa = PBXFrameworksBuildPhase;
			buildActionMask = 2147483647;
			files = (
			);
			runOnlyForDeploymentPostprocessing = 0;
		};
/* End PBXFrameworksBuildPhase section */

/* Begin PBXGroup section */
		7B5CA1722AB032850060A5DE = {
			isa = PBXGroup;
			children = (
				7B5CA17D2AB032850060A5DE /* AutomaticReferenceCounting */,
				7B5CA17C2AB032850060A5DE /* Products */,
			);
			sourceTree = "<group>";
		};
		7B5CA17C2AB032850060A5DE /* Products */ = {
			isa = PBXGroup;
			children = (
				7B5CA17B2AB032850060A5DE /* AutomaticReferenceCounting.app */,
			);
			name = Products;
			sourceTree = "<group>";
		};
		7B5CA17D2AB032850060A5DE /* AutomaticReferenceCounting */ = {
			isa = PBXGroup;
			children = (
				7B5CA17E2AB032850060A5DE /* AppDelegate.swift */,
				7B5CA1802AB032850060A5DE /* SceneDelegate.swift */,
				7B5CA1822AB032850060A5DE /* ViewController.swift */,
				7B5CA1842AB032850060A5DE /* Main.storyboard */,
				7B5CA1872AB032870060A5DE /* Assets.xcassets */,
				7B5CA1892AB032870060A5DE /* LaunchScreen.storyboard */,
				7B5CA18C2AB032870060A5DE /* Info.plist */,
				7B5CA1922AB032D20060A5DE /* Instructor.swift */,
				7B5CA1942AB0501B0060A5DE /* WeakInstructor.swift */,
			);
			path = AutomaticReferenceCounting;
			sourceTree = "<group>";
		};
/* End PBXGroup section */

/* Begin PBXNativeTarget section */
		7B5CA17A2AB032850060A5DE /* AutomaticReferenceCounting */ = {
			isa = PBXNativeTarget;
			buildConfigurationList = 7B5CA18F2AB032870060A5DE /* Build configuration list for PBXNativeTarget "AutomaticReferenceCounting" */;
			buildPhases = (
				7B5CA1772AB032850060A5DE /* Sources */,
				7B5CA1782AB032850060A5DE /* Frameworks */,
				7B5CA1792AB032850060A5DE /* Resources */,
			);
			buildRules = (
			);
			dependencies = (
			);
			name = AutomaticReferenceCounting;
			productName = AutomaticReferenceCounting;
			productReference = 7B5CA17B2AB032850060A5DE /* AutomaticReferenceCounting.app */;
			productType = "com.apple.product-type.application";
		};
/* End PBXNativeTarget section */

/* Begin PBXProject section */
		7B5CA1732AB032850060A5DE /* Project object */ = {
			isa = PBXProject;
			attributes = {
				BuildIndependentTargetsInParallel = 1;
				LastSwiftUpdateCheck = 1430;
				LastUpgradeCheck = 1430;
				TargetAttributes = {
					7B5CA17A2AB032850060A5DE = {
						CreatedOnToolsVersion = 14.3.1;
					};
				};
			};
			buildConfigurationList = 7B5CA1762AB032850060A5DE /* Build configuration list for PBXProject "AutomaticReferenceCounting" */;
			compatibilityVersion = "Xcode 14.0";
			developmentRegion = en;
			hasScannedForEncodings = 0;
			knownRegions = (
				en,
				Base,
			);
			mainGroup = 7B5CA1722AB032850060A5DE;
			productRefGroup = 7B5CA17C2AB032850060A5DE /* Products */;
			projectDirPath = "";
			projectRoot = "";
			targets = (
				7B5CA17A2AB032850060A5DE /* AutomaticReferenceCounting */,
			);
		};
/* End PBXProject section */

/* Begin PBXResourcesBuildPhase section */
		7B5CA1792AB032850060A5DE /* Resources */ = {
			isa = PBXResourcesBuildPhase;
			buildActionMask = 2147483647;
			files = (
				7B5CA18B2AB032870060A5DE /* LaunchScreen.storyboard in Resources */,
				7B5CA1882AB032870060A5DE /* Assets.xcassets in Resources */,
				7B5CA1862AB032850060A5DE /* Main.storyboard in Resources */,
			);
			runOnlyForDeploymentPostprocessing = 0;
		};
/* End PBXResourcesBuildPhase section */

/* Begin PBXSourcesBuildPhase section */
		7B5CA1772AB032850060A5DE /* Sources */ = {
			isa = PBXSourcesBuildPhase;
			buildActionMask = 2147483647;
			files = (
				7B5CA1932AB032D20060A5DE /* Instructor.swift in Sources */,
				7B5CA1832AB032850060A5DE /* ViewController.swift in Sources */,
				7B5CA17F2AB032850060A5DE /* AppDelegate.swift in Sources */,
				7B5CA1812AB032850060A5DE /* SceneDelegate.swift in Sources */,
				7B5CA1952AB0501B0060A5DE /* WeakInstructor.swift in Sources */,
			);
			runOnlyForDeploymentPostprocessing = 0;
		};
/* End PBXSourcesBuildPhase section */

/* Begin PBXVariantGroup section */
		7B5CA1842AB032850060A5DE /* Main.storyboard */ = {
			isa = PBXVariantGroup;
			children = (
				7B5CA1852AB032850060A5DE /* Base */,
			);
			name = Main.storyboard;
			sourceTree = "<group>";
		};
		7B5CA1892AB032870060A5DE /* LaunchScreen.storyboard */ = {
			isa = PBXVariantGroup;
			children = (
				7B5CA18A2AB032870060A5DE /* Base */,
			);
			name = LaunchScreen.storyboard;
			sourceTree = "<group>";
		};
/* End PBXVariantGroup section */

/* Begin XCBuildConfiguration section */
		7B5CA18D2AB032870060A5DE /* Debug */ = {
			isa = XCBuildConfiguration;
			buildSettings = {
				ALWAYS_SEARCH_USER_PATHS = NO;
				CLANG_ANALYZER_NONNULL = YES;
				CLANG_ANALYZER_NUMBER_OBJECT_CONVERSION = YES_AGGRESSIVE;
				CLANG_CXX_LANGUAGE_STANDARD = "gnu++20";
				CLANG_ENABLE_MODULES = YES;
				CLANG_ENABLE_OBJC_ARC = YES;
				CLANG_ENABLE_OBJC_WEAK = YES;
				CLANG_WARN_BLOCK_CAPTURE_AUTORELEASING = YES;
				CLANG_WARN_BOOL_CONVERSION = YES;
				CLANG_WARN_COMMA = YES;
				CLANG_WARN_CONSTANT_CONVERSION = YES;
				CLANG_WARN_DEPRECATED_OBJC_IMPLEMENTATIONS = YES;
				CLANG_WARN_DIRECT_OBJC_ISA_USAGE = YES_ERROR;
				CLANG_WARN_DOCUMENTATION_COMMENTS = YES;
				CLANG_WARN_EMPTY_BODY = YES;
				CLANG_WARN_ENUM_CONVERSION = YES;
				CLANG_WARN_INFINITE_RECURSION = YES;
				CLANG_WARN_INT_CONVERSION = YES;
				CLANG_WARN_NON_LITERAL_NULL_CONVERSION = YES;
				CLANG_WARN_OBJC_IMPLICIT_RETAIN_SELF = YES;
				CLANG_WARN_OBJC_LITERAL_CONVERSION = YES;
				CLANG_WARN_OBJC_ROOT_CLASS = YES_ERROR;
				CLANG_WARN_QUOTED_INCLUDE_IN_FRAMEWORK_HEADER = YES;
				CLANG_WARN_RANGE_LOOP_ANALYSIS = YES;
				CLANG_WARN_STRICT_PROTOTYPES = YES;
				CLANG_WARN_SUSPICIOUS_MOVE = YES;
				CLANG_WARN_UNGUARDED_AVAILABILITY = YES_AGGRESSIVE;
				CLANG_WARN_UNREACHABLE_CODE = YES;
				CLANG_WARN__DUPLICATE_METHOD_MATCH = YES;
				COPY_PHASE_STRIP = NO;
				DEBUG_INFORMATION_FORMAT = dwarf;
				ENABLE_STRICT_OBJC_MSGSEND = YES;
				ENABLE_TESTABILITY = YES;
				GCC_C_LANGUAGE_STANDARD = gnu11;
				GCC_DYNAMIC_NO_PIC = NO;
				GCC_NO_COMMON_BLOCKS = YES;
				GCC_OPTIMIZATION_LEVEL = 0;
				GCC_PREPROCESSOR_DEFINITIONS = (
					"DEBUG=1",
					"$(inherited)",
				);
				GCC_WARN_64_TO_32_BIT_CONVERSION = YES;
				GCC_WARN_ABOUT_RETURN_TYPE = YES_ERROR;
				GCC_WARN_UNDECLARED_SELECTOR = YES;
				GCC_WARN_UNINITIALIZED_AUTOS = YES_AGGRESSIVE;
				GCC_WARN_UNUSED_FUNCTION = YES;
				GCC_WARN_UNUSED_VARIABLE = YES;
				IPHONEOS_DEPLOYMENT_TARGET = 16.4;
				MTL_ENABLE_DEBUG_INFO = INCLUDE_SOURCE;
				MTL_FAST_MATH = YES;
				ONLY_ACTIVE_ARCH = YES;
				SDKROOT = iphoneos;
				SWIFT_ACTIVE_COMPILATION_CONDITIONS = DEBUG;
				SWIFT_OPTIMIZATION_LEVEL = "-Onone";
			};
			name = Debug;
		};
		7B5CA18E2AB032870060A5DE /* Release */ = {
			isa = XCBuildConfiguration;
			buildSettings = {
				ALWAYS_SEARCH_USER_PATHS = NO;
				CLANG_ANALYZER_NONNULL = YES;
				CLANG_ANALYZER_NUMBER_OBJECT_CONVERSION = YES_AGGRESSIVE;
				CLANG_CXX_LANGUAGE_STANDARD = "gnu++20";
				CLANG_ENABLE_MODULES = YES;
				CLANG_ENABLE_OBJC_ARC = YES;
				CLANG_ENABLE_OBJC_WEAK = YES;
				CLANG_WARN_BLOCK_CAPTURE_AUTORELEASING = YES;
				CLANG_WARN_BOOL_CONVERSION = YES;
				CLANG_WARN_COMMA = YES;
				CLANG_WARN_CONSTANT_CONVERSION = YES;
				CLANG_WARN_DEPRECATED_OBJC_IMPLEMENTATIONS = YES;
				CLANG_WARN_DIRECT_OBJC_ISA_USAGE = YES_ERROR;
				CLANG_WARN_DOCUMENTATION_COMMENTS = YES;
				CLANG_WARN_EMPTY_BODY = YES;
				CLANG_WARN_ENUM_CONVERSION = YES;
				CLANG_WARN_INFINITE_RECURSION = YES;
				CLANG_WARN_INT_CONVERSION = YES;
				CLANG_WARN_NON_LITERAL_NULL_CONVERSION = YES;
				CLANG_WARN_OBJC_IMPLICIT_RETAIN_SELF = YES;
				CLANG_WARN_OBJC_LITERAL_CONVERSION = YES;
				CLANG_WARN_OBJC_ROOT_CLASS = YES_ERROR;
				CLANG_WARN_QUOTED_INCLUDE_IN_FRAMEWORK_HEADER = YES;
				CLANG_WARN_RANGE_LOOP_ANALYSIS = YES;
				CLANG_WARN_STRICT_PROTOTYPES = YES;
				CLANG_WARN_SUSPICIOUS_MOVE = YES;
				CLANG_WARN_UNGUARDED_AVAILABILITY = YES_AGGRESSIVE;
				CLANG_WARN_UNREACHABLE_CODE = YES;
				CLANG_WARN__DUPLICATE_METHOD_MATCH = YES;
				COPY_PHASE_STRIP = NO;
				DEBUG_INFORMATION_FORMAT = "dwarf-with-dsym";
				ENABLE_NS_ASSERTIONS = NO;
				ENABLE_STRICT_OBJC_MSGSEND = YES;
				GCC_C_LANGUAGE_STANDARD = gnu11;
				GCC_NO_COMMON_BLOCKS = YES;
				GCC_WARN_64_TO_32_BIT_CONVERSION = YES;
				GCC_WARN_ABOUT_RETURN_TYPE = YES_ERROR;
				GCC_WARN_UNDECLARED_SELECTOR = YES;
				GCC_WARN_UNINITIALIZED_AUTOS = YES_AGGRESSIVE;
				GCC_WARN_UNUSED_FUNCTION = YES;
				GCC_WARN_UNUSED_VARIABLE = YES;
				IPHONEOS_DEPLOYMENT_TARGET = 16.4;
				MTL_ENABLE_DEBUG_INFO = NO;
				MTL_FAST_MATH = YES;
				SDKROOT = iphoneos;
				SWIFT_COMPILATION_MODE = wholemodule;
				SWIFT_OPTIMIZATION_LEVEL = "-O";
				VALIDATE_PRODUCT = YES;
			};
			name = Release;
		};
		7B5CA1902AB032870060A5DE /* Debug */ = {
			isa = XCBuildConfiguration;
			buildSettings = {
				ASSETCATALOG_COMPILER_APPICON_NAME = AppIcon;
				ASSETCATALOG_COMPILER_GLOBAL_ACCENT_COLOR_NAME = AccentColor;
				CODE_SIGN_STYLE = Automatic;
				CURRENT_PROJECT_VERSION = 1;
				DEVELOPMENT_TEAM = 674H6QGU9X;
				GENERATE_INFOPLIST_FILE = YES;
				INFOPLIST_FILE = AutomaticReferenceCounting/Info.plist;
				INFOPLIST_KEY_UIApplicationSupportsIndirectInputEvents = YES;
				INFOPLIST_KEY_UILaunchStoryboardName = LaunchScreen;
				INFOPLIST_KEY_UIMainStoryboardFile = Main;
				INFOPLIST_KEY_UISupportedInterfaceOrientations_iPad = "UIInterfaceOrientationPortrait UIInterfaceOrientationPortraitUpsideDown UIInterfaceOrientationLandscapeLeft UIInterfaceOrientationLandscapeRight";
				INFOPLIST_KEY_UISupportedInterfaceOrientations_iPhone = "UIInterfaceOrientationPortrait UIInterfaceOrientationLandscapeLeft UIInterfaceOrientationLandscapeRight";
				LD_RUNPATH_SEARCH_PATHS = (
					"$(inherited)",
					"@executable_path/Frameworks",
				);
				MARKETING_VERSION = 1.0;
				PRODUCT_BUNDLE_IDENTIFIER = com.erenolkun.AutomaticReferenceCounting;
				PRODUCT_NAME = "$(TARGET_NAME)";
				SWIFT_EMIT_LOC_STRINGS = YES;
				SWIFT_VERSION = 5.0;
				TARGETED_DEVICE_FAMILY = "1,2";
			};
			name = Debug;
		};
		7B5CA1912AB032870060A5DE /* Release */ = {
			isa = XCBuildConfiguration;
			buildSettings = {
				ASSETCATALOG_COMPILER_APPICON_NAME = AppIcon;
				ASSETCATALOG_COMPILER_GLOBAL_ACCENT_COLOR_NAME = AccentColor;
				CODE_SIGN_STYLE = Automatic;
				CURRENT_PROJECT_VERSION = 1;
				DEVELOPMENT_TEAM = 674H6QGU9X;
				GENERATE_INFOPLIST_FILE = YES;
				INFOPLIST_FILE = AutomaticReferenceCounting/Info.plist;
				INFOPLIST_KEY_UIApplicationSupportsIndirectInputEvents = YES;
				INFOPLIST_KEY_UILaunchStoryboardName = LaunchScreen;
				INFOPLIST_KEY_UIMainStoryboardFile = Main;
				INFOPLIST_KEY_UISupportedInterfaceOrientations_iPad = "UIInterfaceOrientationPortrait UIInterfaceOrientationPortraitUpsideDown UIInterfaceOrientationLandscapeLeft UIInterfaceOrientationLandscapeRight";
				INFOPLIST_KEY_UISupportedInterfaceOrientations_iPhone = "UIInterfaceOrientationPortrait UIInterfaceOrientationLandscapeLeft UIInterfaceOrientationLandscapeRight";
				LD_RUNPATH_SEARCH_PATHS = (
					"$(inherited)",
					"@executable_path/Frameworks",
				);
				MARKETING_VERSION = 1.0;
				PRODUCT_BUNDLE_IDENTIFIER = com.erenolkun.AutomaticReferenceCounting;
				PRODUCT_NAME = "$(TARGET_NAME)";
				SWIFT_EMIT_LOC_STRINGS = YES;
				SWIFT_VERSION = 5.0;
				TARGETED_DEVICE_FAMILY = "1,2";
			};
			name = Release;
		};
/* End XCBuildConfiguration section */

/* Begin XCConfigurationList section */
		7B5CA1762AB032850060A5DE /* Build configuration list for PBXProject "AutomaticReferenceCounting" */ = {
			isa = XCConfigurationList;
			buildConfigurations = (
				7B5CA18D2AB032870060A5DE /* Debug */,
				7B5CA18E2AB032870060A5DE /* Release */,
			);
			defaultConfigurationIsVisible = 0;
			defaultConfigurationName = Release;
		};
		7B5CA18F2AB032870060A5DE /* Build configuration list for PBXNativeTarget "AutomaticReferenceCounting" */ = {
			isa = XCConfigurationList;
			buildConfigurations = (
				7B5CA1902AB032870060A5DE /* Debug */,
				7B5CA1912AB032870060A5DE /* Release */,
			);
			defaultConfigurationIsVisible = 0;
			defaultConfigurationName = Release;
		};
/* End XCConfigurationList section */
	};
	rootObject = 7B5CA1732AB032850060A5DE /* Project object */;
}
